
Microsoft Visual Studio Solution File, Format Version 12.00
# Visual Studio Version 17
VisualStudioVersion = 17.14.36511.14 d17.14
MinimumVisualStudioVersion = 10.0.40219.1
Project("{2150E333-8FDC-42A3-9474-1A3956D46DE8}") = "Task0", "Task0", "{02EA681E-C7D8-13C7-8484-4AC65E1B71E8}"
EndProject
Project("{FAE04EC0-301F-11D3-BF4B-00C04F79EFBC}") = "Tyuiu.BiryukovAY.Sprint1.Task0.V8", "Tyuiu.BiryukovAY.Sprint1.Task0.V8\Tyuiu.BiryukovAY.Sprint1.Task0.V8.csproj", "{9EB08B7D-EF60-461B-A37A-F9A24A356636}"
EndProject
Project("{FAE04EC0-301F-11D3-BF4B-00C04F79EFBC}") = "Tyuiu.BiryukovAY.Sprint1.Task0.V8.Lib", "Tyuiu.BiryukovAY.Sprint1.Task0.V8.Lib\Tyuiu.BiryukovAY.Sprint1.Task0.V8.Lib.csproj", "{63EEE253-BA61-4731-84A8-AD2FC8C13263}"
EndProject
Project("{FAE04EC0-301F-11D3-BF4B-00C04F79EFBC}") = "Tyuiu.BiryukovAY.Sprint1.Task0.V8.Test", "Tyuiu.BiryukovAY.Sprint1.Task0.V8.Test\Tyuiu.BiryukovAY.Sprint1.Task0.V8.Test.csproj", "{B4FFEDDC-A137-4FE3-A0F3-85FE854E68FD}"
EndProject
Global
	GlobalSection(SolutionConfigurationPlatforms) = preSolution
		Debug|Any CPU = Debug|Any CPU
		Release|Any CPU = Release|Any CPU
	EndGlobalSection
	GlobalSection(ProjectConfigurationPlatforms) = postSolution
		{9EB08B7D-EF60-461B-A37A-F9A24A356636}.Debug|Any CPU.ActiveCfg = Debug|Any CPU
		{9EB08B7D-EF60-461B-A37A-F9A24A356636}.Debug|Any CPU.Build.0 = Debug|Any CPU
		{9EB08B7D-EF60-461B-A37A-F9A24A356636}.Release|Any CPU.ActiveCfg = Release|Any CPU
		{9EB08B7D-EF60-461B-A37A-F9A24A356636}.Release|Any CPU.Build.0 = Release|Any CPU
		{63EEE253-BA61-4731-84A8-AD2FC8C13263}.Debug|Any CPU.ActiveCfg = Debug|Any CPU
		{63EEE253-BA61-4731-84A8-AD2FC8C13263}.Debug|Any CPU.Build.0 = Debug|Any CPU
		{63EEE253-BA61-4731-84A8-AD2FC8C13263}.Release|Any CPU.ActiveCfg = Release|Any CPU
		{63EEE253-BA61-4731-84A8-AD2FC8C13263}.Release|Any CPU.Build.0 = Release|Any CPU
		{B4FFEDDC-A137-4FE3-A0F3-85FE854E68FD}.Debug|Any CPU.ActiveCfg = Debug|Any CPU
		{B4FFEDDC-A137-4FE3-A0F3-85FE854E68FD}.Debug|Any CPU.Build.0 = Debug|Any CPU
		{B4FFEDDC-A137-4FE3-A0F3-85FE854E68FD}.Release|Any CPU.ActiveCfg = Release|Any CPU
		{B4FFEDDC-A137-4FE3-A0F3-85FE854E68FD}.Release|Any CPU.Build.0 = Release|Any CPU
	EndGlobalSection
	GlobalSection(SolutionProperties) = preSolution
		HideSolutionNode = FALSE
	EndGlobalSection
	GlobalSection(NestedProjects) = preSolution
		{9EB08B7D-EF60-461B-A37A-F9A24A356636} = {02EA681E-C7D8-13C7-8484-4AC65E1B71E8}
		{63EEE253-BA61-4731-84A8-AD2FC8C13263} = {02EA681E-C7D8-13C7-8484-4AC65E1B71E8}
		{B4FFEDDC-A137-4FE3-A0F3-85FE854E68FD} = {02EA681E-C7D8-13C7-8484-4AC65E1B71E8}
	EndGlobalSection
	GlobalSection(ExtensibilityGlobals) = postSolution
		SolutionGuid = {5BDB3322-B9E9-4661-9068-316BFD5CB9A4}
	EndGlobalSection
EndGlobal
