
Microsoft Visual Studio Solution File, Format Version 12.00
# Visual Studio Version 17
VisualStudioVersion = 17.14.36511.14 d17.14
MinimumVisualStudioVersion = 10.0.40219.1
Project("{2150E333-8FDC-42A3-9474-1A3956D46DE8}") = "Task0", "Task0", "{02EA681E-C7D8-13C7-8484-4AC65E1B71E8}"
EndProject
Project("{FAE04EC0-301F-11D3-BF4B-00C04F79EFBC}") = "Tyuiu.BiryukovAY.Sprint1.Task0.V8", "Tyuiu.BiryukovAY.Sprint1.Task0.V8\Tyuiu.BiryukovAY.Sprint1.Task0.V8.csproj", "{9EB08B7D-EF60-461B-A37A-F9A24A356636}"
EndProject
Project("{FAE04EC0-301F-11D3-BF4B-00C04F79EFBC}") = "Tyuiu.BiryukovAY.Sprint1.Task0.V8.Lib", "Tyuiu.BiryukovAY.Sprint1.Task0.V8.Lib\Tyuiu.BiryukovAY.Sprint1.Task0.V8.Lib.csproj", "{63EEE253-BA61-4731-84A8-AD2FC8C13263}"
EndProject
Project("{FAE04EC0-301F-11D3-BF4B-00C04F79EFBC}") = "Tyuiu.BiryukovAY.Sprint1.Task0.V8.Test", "Tyuiu.BiryukovAY.Sprint1.Task0.V8.Test\Tyuiu.BiryukovAY.Sprint1.Task0.V8.Test.csproj", "{B4FFEDDC-A137-4FE3-A0F3-85FE854E68FD}"
EndProject
Project("{2150E333-8FDC-42A3-9474-1A3956D46DE8}") = "Task1", "Task1", "{6D8E7A14-922F-41BE-A43B-E8151B8CC3FA}"
EndProject
Project("{FAE04EC0-301F-11D3-BF4B-00C04F79EFBC}") = "Tyuiu.BiryukovAY.Sprint1.Task1.V8", "Tyuiu.BiryukovAY.Sprint1.Task1.V8\Tyuiu.BiryukovAY.Sprint1.Task1.V8.csproj", "{EF158C89-4C40-475B-976E-F5CD442891DE}"
EndProject
Project("{FAE04EC0-301F-11D3-BF4B-00C04F79EFBC}") = "Tyuiu.BiryukovAY.Sprint1.Task1.V8.Lib", "Tyuiu.BiryukovAY.Sprint1.Task1.V8.Lib\Tyuiu.BiryukovAY.Sprint1.Task1.V8.Lib.csproj", "{00FAED3C-21F8-4290-8B65-E02699319C11}"
EndProject
Project("{FAE04EC0-301F-11D3-BF4B-00C04F79EFBC}") = "Tyuiu.BiryukovAY.Sprint1.Task1.V8.Test", "Tyuiu.BiryukovAY.Sprint1.Task1.V8.Test\Tyuiu.BiryukovAY.Sprint1.Task1.V8.Test.csproj", "{1E0A5B30-9191-45D5-9A12-B34C1C6FBF82}"
EndProject
Project("{2150E333-8FDC-42A3-9474-1A3956D46DE8}") = "Task2", "Task2", "{067793A4-311B-4D4C-99A1-3DD5FA739EDD}"
EndProject
Project("{FAE04EC0-301F-11D3-BF4B-00C04F79EFBC}") = "Tyuiu.BiryukovAY.Sprint1.Task2.V12", "Tyuiu.BiryukovAY.Sprint1.Task2.V12\Tyuiu.BiryukovAY.Sprint1.Task2.V12.csproj", "{6962C64B-5D31-446A-BC49-C76110359035}"
EndProject
Project("{FAE04EC0-301F-11D3-BF4B-00C04F79EFBC}") = "Tyuiu.BiryukovAY.Sprint1.Task2.V12.Lib", "Tyuiu.BiryukovAY.Sprint1.Task2.V12.Lib\Tyuiu.BiryukovAY.Sprint1.Task2.V12.Lib.csproj", "{17062F5A-A64C-4810-97B4-DF1384C7CB9C}"
EndProject
Project("{FAE04EC0-301F-11D3-BF4B-00C04F79EFBC}") = "Tyuiu.BiryukovAY.Sprint1.Task2.V12.Test", "Tyuiu.BiryukovAY.Sprint1.Task2.V12.Test\Tyuiu.BiryukovAY.Sprint1.Task2.V12.Test.csproj", "{EF26637B-976E-47F2-892B-8767F9199789}"
EndProject
Global
	GlobalSection(SolutionConfigurationPlatforms) = preSolution
		Debug|Any CPU = Debug|Any CPU
		Release|Any CPU = Release|Any CPU
	EndGlobalSection
	GlobalSection(ProjectConfigurationPlatforms) = postSolution
		{9EB08B7D-EF60-461B-A37A-F9A24A356636}.Debug|Any CPU.ActiveCfg = Debug|Any CPU
		{9EB08B7D-EF60-461B-A37A-F9A24A356636}.Debug|Any CPU.Build.0 = Debug|Any CPU
		{9EB08B7D-EF60-461B-A37A-F9A24A356636}.Release|Any CPU.ActiveCfg = Release|Any CPU
		{9EB08B7D-EF60-461B-A37A-F9A24A356636}.Release|Any CPU.Build.0 = Release|Any CPU
		{63EEE253-BA61-4731-84A8-AD2FC8C13263}.Debug|Any CPU.ActiveCfg = Debug|Any CPU
		{63EEE253-BA61-4731-84A8-AD2FC8C13263}.Debug|Any CPU.Build.0 = Debug|Any CPU
		{63EEE253-BA61-4731-84A8-AD2FC8C13263}.Release|Any CPU.ActiveCfg = Release|Any CPU
		{63EEE253-BA61-4731-84A8-AD2FC8C13263}.Release|Any CPU.Build.0 = Release|Any CPU
		{B4FFEDDC-A137-4FE3-A0F3-85FE854E68FD}.Debug|Any CPU.ActiveCfg = Debug|Any CPU
		{B4FFEDDC-A137-4FE3-A0F3-85FE854E68FD}.Debug|Any CPU.Build.0 = Debug|Any CPU
		{B4FFEDDC-A137-4FE3-A0F3-85FE854E68FD}.Release|Any CPU.ActiveCfg = Release|Any CPU
		{B4FFEDDC-A137-4FE3-A0F3-85FE854E68FD}.Release|Any CPU.Build.0 = Release|Any CPU
		{EF158C89-4C40-475B-976E-F5CD442891DE}.Debug|Any CPU.ActiveCfg = Debug|Any CPU
		{EF158C89-4C40-475B-976E-F5CD442891DE}.Debug|Any CPU.Build.0 = Debug|Any CPU
		{EF158C89-4C40-475B-976E-F5CD442891DE}.Release|Any CPU.ActiveCfg = Release|Any CPU
		{EF158C89-4C40-475B-976E-F5CD442891DE}.Release|Any CPU.Build.0 = Release|Any CPU
		{00FAED3C-21F8-4290-8B65-E02699319C11}.Debug|Any CPU.ActiveCfg = Debug|Any CPU
		{00FAED3C-21F8-4290-8B65-E02699319C11}.Debug|Any CPU.Build.0 = Debug|Any CPU
		{00FAED3C-21F8-4290-8B65-E02699319C11}.Release|Any CPU.ActiveCfg = Release|Any CPU
		{00FAED3C-21F8-4290-8B65-E02699319C11}.Release|Any CPU.Build.0 = Release|Any CPU
		{1E0A5B30-9191-45D5-9A12-B34C1C6FBF82}.Debug|Any CPU.ActiveCfg = Debug|Any CPU
		{1E0A5B30-9191-45D5-9A12-B34C1C6FBF82}.Debug|Any CPU.Build.0 = Debug|Any CPU
		{1E0A5B30-9191-45D5-9A12-B34C1C6FBF82}.Release|Any CPU.ActiveCfg = Release|Any CPU
		{1E0A5B30-9191-45D5-9A12-B34C1C6FBF82}.Release|Any CPU.Build.0 = Release|Any CPU
		{6962C64B-5D31-446A-BC49-C76110359035}.Debug|Any CPU.ActiveCfg = Debug|Any CPU
		{6962C64B-5D31-446A-BC49-C76110359035}.Debug|Any CPU.Build.0 = Debug|Any CPU
		{6962C64B-5D31-446A-BC49-C76110359035}.Release|Any CPU.ActiveCfg = Release|Any CPU
		{6962C64B-5D31-446A-BC49-C76110359035}.Release|Any CPU.Build.0 = Release|Any CPU
		{17062F5A-A64C-4810-97B4-DF1384C7CB9C}.Debug|Any CPU.ActiveCfg = Debug|Any CPU
		{17062F5A-A64C-4810-97B4-DF1384C7CB9C}.Debug|Any CPU.Build.0 = Debug|Any CPU
		{17062F5A-A64C-4810-97B4-DF1384C7CB9C}.Release|Any CPU.ActiveCfg = Release|Any CPU
		{17062F5A-A64C-4810-97B4-DF1384C7CB9C}.Release|Any CPU.Build.0 = Release|Any CPU
		{EF26637B-976E-47F2-892B-8767F9199789}.Debug|Any CPU.ActiveCfg = Debug|Any CPU
		{EF26637B-976E-47F2-892B-8767F9199789}.Debug|Any CPU.Build.0 = Debug|Any CPU
		{EF26637B-976E-47F2-892B-8767F9199789}.Release|Any CPU.ActiveCfg = Release|Any CPU
		{EF26637B-976E-47F2-892B-8767F9199789}.Release|Any CPU.Build.0 = Release|Any CPU
	EndGlobalSection
	GlobalSection(SolutionProperties) = preSolution
		HideSolutionNode = FALSE
	EndGlobalSection
	GlobalSection(NestedProjects) = preSolution
		{9EB08B7D-EF60-461B-A37A-F9A24A356636} = {02EA681E-C7D8-13C7-8484-4AC65E1B71E8}
		{63EEE253-BA61-4731-84A8-AD2FC8C13263} = {02EA681E-C7D8-13C7-8484-4AC65E1B71E8}
		{B4FFEDDC-A137-4FE3-A0F3-85FE854E68FD} = {02EA681E-C7D8-13C7-8484-4AC65E1B71E8}
		{EF158C89-4C40-475B-976E-F5CD442891DE} = {6D8E7A14-922F-41BE-A43B-E8151B8CC3FA}
		{00FAED3C-21F8-4290-8B65-E02699319C11} = {6D8E7A14-922F-41BE-A43B-E8151B8CC3FA}
		{1E0A5B30-9191-45D5-9A12-B34C1C6FBF82} = {6D8E7A14-922F-41BE-A43B-E8151B8CC3FA}
		{6962C64B-5D31-446A-BC49-C76110359035} = {067793A4-311B-4D4C-99A1-3DD5FA739EDD}
		{17062F5A-A64C-4810-97B4-DF1384C7CB9C} = {067793A4-311B-4D4C-99A1-3DD5FA739EDD}
		{EF26637B-976E-47F2-892B-8767F9199789} = {067793A4-311B-4D4C-99A1-3DD5FA739EDD}
	EndGlobalSection
	GlobalSection(ExtensibilityGlobals) = postSolution
		SolutionGuid = {5BDB3322-B9E9-4661-9068-316BFD5CB9A4}
	EndGlobalSection
EndGlobal
