
Microsoft Visual Studio Solution File, Format Version 12.00
# Visual Studio Version 17
VisualStudioVersion = 17.14.36511.14
MinimumVisualStudioVersion = 10.0.40219.1
Project("{2150E333-8FDC-42A3-9474-1A3956D46DE8}") = "Task0", "Task0", "{02EA681E-C7D8-13C7-8484-4AC65E1B71E8}"
EndProject
Project("{FAE04EC0-301F-11D3-BF4B-00C04F79EFBC}") = "Tyuiu.BiryukovAY.Sprint1.Task0.V8", "Tyuiu.BiryukovAY.Sprint1.Task0.V8\Tyuiu.BiryukovAY.Sprint1.Task0.V8.csproj", "{9EB08B7D-EF60-461B-A37A-F9A24A356636}"
EndProject
Project("{FAE04EC0-301F-11D3-BF4B-00C04F79EFBC}") = "Tyuiu.BiryukovAY.Sprint1.Task0.V8.Lib", "Tyuiu.BiryukovAY.Sprint1.Task0.V8.Lib\Tyuiu.BiryukovAY.Sprint1.Task0.V8.Lib.csproj", "{63EEE253-BA61-4731-84A8-AD2FC8C13263}"
EndProject
Project("{FAE04EC0-301F-11D3-BF4B-00C04F79EFBC}") = "Tyuiu.BiryukovAY.Sprint1.Task0.V8.Test", "Tyuiu.BiryukovAY.Sprint1.Task0.V8.Test\Tyuiu.BiryukovAY.Sprint1.Task0.V8.Test.csproj", "{B4FFEDDC-A137-4FE3-A0F3-85FE854E68FD}"
EndProject
Project("{2150E333-8FDC-42A3-9474-1A3956D46DE8}") = "Task1", "Task1", "{6D8E7A14-922F-41BE-A43B-E8151B8CC3FA}"
EndProject
Project("{FAE04EC0-301F-11D3-BF4B-00C04F79EFBC}") = "Tyuiu.BiryukovAY.Sprint1.Task1.V8", "Tyuiu.BiryukovAY.Sprint1.Task1.V8\Tyuiu.BiryukovAY.Sprint1.Task1.V8.csproj", "{EF158C89-4C40-475B-976E-F5CD442891DE}"
EndProject
Project("{FAE04EC0-301F-11D3-BF4B-00C04F79EFBC}") = "Tyuiu.BiryukovAY.Sprint1.Task1.V8.Lib", "Tyuiu.BiryukovAY.Sprint1.Task1.V8.Lib\Tyuiu.BiryukovAY.Sprint1.Task1.V8.Lib.csproj", "{00FAED3C-21F8-4290-8B65-E02699319C11}"
EndProject
Project("{FAE04EC0-301F-11D3-BF4B-00C04F79EFBC}") = "Tyuiu.BiryukovAY.Sprint1.Task1.V8.Test", "Tyuiu.BiryukovAY.Sprint1.Task1.V8.Test\Tyuiu.BiryukovAY.Sprint1.Task1.V8.Test.csproj", "{1E0A5B30-9191-45D5-9A12-B34C1C6FBF82}"
EndProject
Project("{2150E333-8FDC-42A3-9474-1A3956D46DE8}") = "Task2", "Task2", "{067793A4-311B-4D4C-99A1-3DD5FA739EDD}"
EndProject
Project("{FAE04EC0-301F-11D3-BF4B-00C04F79EFBC}") = "Tyuiu.BiryukovAY.Sprint1.Task2.V12", "Tyuiu.BiryukovAY.Sprint1.Task2.V12\Tyuiu.BiryukovAY.Sprint1.Task2.V12.csproj", "{6962C64B-5D31-446A-BC49-C76110359035}"
EndProject
Project("{FAE04EC0-301F-11D3-BF4B-00C04F79EFBC}") = "Tyuiu.BiryukovAY.Sprint1.Task2.V12.Lib", "Tyuiu.BiryukovAY.Sprint1.Task2.V12.Lib\Tyuiu.BiryukovAY.Sprint1.Task2.V12.Lib.csproj", "{17062F5A-A64C-4810-97B4-DF1384C7CB9C}"
EndProject
Project("{FAE04EC0-301F-11D3-BF4B-00C04F79EFBC}") = "Tyuiu.BiryukovAY.Sprint1.Task2.V12.Test", "Tyuiu.BiryukovAY.Sprint1.Task2.V12.Test\Tyuiu.BiryukovAY.Sprint1.Task2.V12.Test.csproj", "{EF26637B-976E-47F2-892B-8767F9199789}"
EndProject
Project("{2150E333-8FDC-42A3-9474-1A3956D46DE8}") = "Task3", "Task3", "{B6BFC7F5-2F3B-4F2B-BB50-CC493A9D66DE}"
EndProject
Project("{FAE04EC0-301F-11D3-BF4B-00C04F79EFBC}") = "Tyuiu.BiryukovAY.Sprint1.Task3.V14", "Tyuiu.BiryukovAY.Sprint1.Task3.V14\Tyuiu.BiryukovAY.Sprint1.Task3.V14.csproj", "{A9BE52CD-FD7F-4562-A8FD-5B68B06263E3}"
EndProject
Project("{FAE04EC0-301F-11D3-BF4B-00C04F79EFBC}") = "Tyuiu.BiryukovAY.Sprint1.Task3.V14.Lib", "Tyuiu.BiryukovAY.Sprint1.Task3.V14.Lib\Tyuiu.BiryukovAY.Sprint1.Task3.V14.Lib.csproj", "{128962ED-6180-4411-99B5-D3D85567F3D5}"
EndProject
Project("{FAE04EC0-301F-11D3-BF4B-00C04F79EFBC}") = "Tyuiu.BiryukovAY.Sprint1.Task3.V14.Test", "Tyuiu.BiryukovAY.Sprint1.Task3.V14.Test\Tyuiu.BiryukovAY.Sprint1.Task3.V14.Test.csproj", "{EA451CB5-3332-4C9E-980E-93E40F9FF0DD}"
EndProject
Project("{2150E333-8FDC-42A3-9474-1A3956D46DE8}") = "Task4", "Task4", "{4DDE8F13-C112-4768-8D72-D36273C035D0}"
EndProject
Project("{FAE04EC0-301F-11D3-BF4B-00C04F79EFBC}") = "Tyuiu.BiryukovAY.Sprint1.Task4.V30", "Tyuiu.BiryukovAY.Sprint1.Task4.V30\Tyuiu.BiryukovAY.Sprint1.Task4.V30.csproj", "{A84154C6-656A-4DBA-98DC-A9ED316FF375}"
EndProject
Project("{FAE04EC0-301F-11D3-BF4B-00C04F79EFBC}") = "Tyuiu.BiryukovAY.Sprint1.Task4.V30.Lib", "Tyuiu.BiryukovAY.Sprint1.Task4.V30.Lib\Tyuiu.BiryukovAY.Sprint1.Task4.V30.Lib.csproj", "{0DF51D0D-7985-46D3-9F6A-68D247192E40}"
EndProject
Project("{FAE04EC0-301F-11D3-BF4B-00C04F79EFBC}") = "Tyuiu.BiryukovAY.Sprint1.Task4.V30.Test", "Tyuiu.BiryukovAY.Sprint1.Task4.V30.Test\Tyuiu.BiryukovAY.Sprint1.Task4.V30.Test.csproj", "{17D07671-0664-405A-8BCB-EB11FE9E94A6}"
EndProject
Project("{2150E333-8FDC-42A3-9474-1A3956D46DE8}") = "Task5", "Task5", "{58596F53-937E-4A68-A7D0-3E1A4E23C4B5}"
EndProject
Project("{FAE04EC0-301F-11D3-BF4B-00C04F79EFBC}") = "Tyuiu.BiryukovAY.Sprint1.Task5.V2", "Tyuiu.BiryukovAY.Sprint1.Task5.V2\Tyuiu.BiryukovAY.Sprint1.Task5.V2.csproj", "{B6800FFB-DC27-4692-9948-23260D95923A}"
EndProject
Project("{FAE04EC0-301F-11D3-BF4B-00C04F79EFBC}") = "Tyuiu.BiryukovAY.Sprint1.Task5.V2.Lib", "Tyuiu.BiryukovAY.Sprint1.Task5.V2.Lib\Tyuiu.BiryukovAY.Sprint1.Task5.V2.Lib.csproj", "{40F81415-E176-4B77-95F0-6A0BE2965520}"
EndProject
Project("{FAE04EC0-301F-11D3-BF4B-00C04F79EFBC}") = "Tyuiu.BiryukovAY.Sprint1.Task5.V2.Test", "Tyuiu.BiryukovAY.Sprint1.Task5.V2.Test\Tyuiu.BiryukovAY.Sprint1.Task5.V2.Test.csproj", "{A78FC5AB-D816-4145-A243-1756935F98F6}"
EndProject
Project("{2150E333-8FDC-42A3-9474-1A3956D46DE8}") = "Task6", "Task6", "{185B0BEB-1272-4DCF-9FCD-EA126538417F}"
EndProject
Project("{FAE04EC0-301F-11D3-BF4B-00C04F79EFBC}") = "Tyuiu.BiryukovAY.Sprint1.Task6.V12", "Tyuiu.BiryukovAY.Sprint1.Task6.V12\Tyuiu.BiryukovAY.Sprint1.Task6.V12.csproj", "{E2A98018-68B8-44A2-A3F2-029DE2CCB574}"
EndProject
Project("{FAE04EC0-301F-11D3-BF4B-00C04F79EFBC}") = "Tyuiu.BiryukovAY.Sprint1.Task6.V12.Lib", "Tyuiu.BiryukovAY.Sprint1.Task6.V12.Lib\Tyuiu.BiryukovAY.Sprint1.Task6.V12.Lib.csproj", "{63AC362E-BE5E-4335-9563-3CA588CCA64F}"
EndProject
Project("{FAE04EC0-301F-11D3-BF4B-00C04F79EFBC}") = "Tyuiu.BiryukovAY.Sprint1.Task6.V12.Test", "Tyuiu.BiryukovAY.Sprint1.Task6.V12.Test\Tyuiu.BiryukovAY.Sprint1.Task6.V12.Test.csproj", "{47679F2A-2ECA-40B5-8586-CFAFF58057D3}"
EndProject
Project("{2150E333-8FDC-42A3-9474-1A3956D46DE8}") = "Task7", "Task7", "{ECF5AEF0-ABBC-4127-9CBD-686257F31FC3}"
EndProject
Project("{FAE04EC0-301F-11D3-BF4B-00C04F79EFBC}") = "Tyuiu.BiryukovAY.Sprint1.Task7.V11", "Tyuiu.BiryukovAY.Sprint1.Task7.V11\Tyuiu.BiryukovAY.Sprint1.Task7.V11.csproj", "{9B769BB9-0169-442A-B3D5-06B6BF77C262}"
EndProject
Project("{FAE04EC0-301F-11D3-BF4B-00C04F79EFBC}") = "Tyuiu.BiryukovAY.Sprint1.Task7.V11.Lib", "Tyuiu.BiryukovAY.Sprint1.Task7.V11.Lib\Tyuiu.BiryukovAY.Sprint1.Task7.V11.Lib.csproj", "{CDA3BB12-84B1-4D51-8725-F2BD79CAEEE4}"
EndProject
Project("{FAE04EC0-301F-11D3-BF4B-00C04F79EFBC}") = "Tyuiu.BiryukovAY.Sprint1.Task7.V11.Test", "Tyuiu.BiryukovAY.Sprint1.Task7.V11.Test\Tyuiu.BiryukovAY.Sprint1.Task7.V11.Test.csproj", "{9B0F8100-FE4F-4296-B7D7-5F8C789AB44A}"
EndProject
Global
	GlobalSection(SolutionConfigurationPlatforms) = preSolution
		Debug|Any CPU = Debug|Any CPU
		Release|Any CPU = Release|Any CPU
	EndGlobalSection
	GlobalSection(ProjectConfigurationPlatforms) = postSolution
		{9EB08B7D-EF60-461B-A37A-F9A24A356636}.Debug|Any CPU.ActiveCfg = Debug|Any CPU
		{9EB08B7D-EF60-461B-A37A-F9A24A356636}.Debug|Any CPU.Build.0 = Debug|Any CPU
		{9EB08B7D-EF60-461B-A37A-F9A24A356636}.Release|Any CPU.ActiveCfg = Release|Any CPU
		{9EB08B7D-EF60-461B-A37A-F9A24A356636}.Release|Any CPU.Build.0 = Release|Any CPU
		{63EEE253-BA61-4731-84A8-AD2FC8C13263}.Debug|Any CPU.ActiveCfg = Debug|Any CPU
		{63EEE253-BA61-4731-84A8-AD2FC8C13263}.Debug|Any CPU.Build.0 = Debug|Any CPU
		{63EEE253-BA61-4731-84A8-AD2FC8C13263}.Release|Any CPU.ActiveCfg = Release|Any CPU
		{63EEE253-BA61-4731-84A8-AD2FC8C13263}.Release|Any CPU.Build.0 = Release|Any CPU
		{B4FFEDDC-A137-4FE3-A0F3-85FE854E68FD}.Debug|Any CPU.ActiveCfg = Debug|Any CPU
		{B4FFEDDC-A137-4FE3-A0F3-85FE854E68FD}.Debug|Any CPU.Build.0 = Debug|Any CPU
		{B4FFEDDC-A137-4FE3-A0F3-85FE854E68FD}.Release|Any CPU.ActiveCfg = Release|Any CPU
		{B4FFEDDC-A137-4FE3-A0F3-85FE854E68FD}.Release|Any CPU.Build.0 = Release|Any CPU
		{EF158C89-4C40-475B-976E-F5CD442891DE}.Debug|Any CPU.ActiveCfg = Debug|Any CPU
		{EF158C89-4C40-475B-976E-F5CD442891DE}.Debug|Any CPU.Build.0 = Debug|Any CPU
		{EF158C89-4C40-475B-976E-F5CD442891DE}.Release|Any CPU.ActiveCfg = Release|Any CPU
		{EF158C89-4C40-475B-976E-F5CD442891DE}.Release|Any CPU.Build.0 = Release|Any CPU
		{00FAED3C-21F8-4290-8B65-E02699319C11}.Debug|Any CPU.ActiveCfg = Debug|Any CPU
		{00FAED3C-21F8-4290-8B65-E02699319C11}.Debug|Any CPU.Build.0 = Debug|Any CPU
		{00FAED3C-21F8-4290-8B65-E02699319C11}.Release|Any CPU.ActiveCfg = Release|Any CPU
		{00FAED3C-21F8-4290-8B65-E02699319C11}.Release|Any CPU.Build.0 = Release|Any CPU
		{1E0A5B30-9191-45D5-9A12-B34C1C6FBF82}.Debug|Any CPU.ActiveCfg = Debug|Any CPU
		{1E0A5B30-9191-45D5-9A12-B34C1C6FBF82}.Debug|Any CPU.Build.0 = Debug|Any CPU
		{1E0A5B30-9191-45D5-9A12-B34C1C6FBF82}.Release|Any CPU.ActiveCfg = Release|Any CPU
		{1E0A5B30-9191-45D5-9A12-B34C1C6FBF82}.Release|Any CPU.Build.0 = Release|Any CPU
		{6962C64B-5D31-446A-BC49-C76110359035}.Debug|Any CPU.ActiveCfg = Debug|Any CPU
		{6962C64B-5D31-446A-BC49-C76110359035}.Debug|Any CPU.Build.0 = Debug|Any CPU
		{6962C64B-5D31-446A-BC49-C76110359035}.Release|Any CPU.ActiveCfg = Release|Any CPU
		{6962C64B-5D31-446A-BC49-C76110359035}.Release|Any CPU.Build.0 = Release|Any CPU
		{17062F5A-A64C-4810-97B4-DF1384C7CB9C}.Debug|Any CPU.ActiveCfg = Debug|Any CPU
		{17062F5A-A64C-4810-97B4-DF1384C7CB9C}.Debug|Any CPU.Build.0 = Debug|Any CPU
		{17062F5A-A64C-4810-97B4-DF1384C7CB9C}.Release|Any CPU.ActiveCfg = Release|Any CPU
		{17062F5A-A64C-4810-97B4-DF1384C7CB9C}.Release|Any CPU.Build.0 = Release|Any CPU
		{EF26637B-976E-47F2-892B-8767F9199789}.Debug|Any CPU.ActiveCfg = Debug|Any CPU
		{EF26637B-976E-47F2-892B-8767F9199789}.Debug|Any CPU.Build.0 = Debug|Any CPU
		{EF26637B-976E-47F2-892B-8767F9199789}.Release|Any CPU.ActiveCfg = Release|Any CPU
		{EF26637B-976E-47F2-892B-8767F9199789}.Release|Any CPU.Build.0 = Release|Any CPU
		{A9BE52CD-FD7F-4562-A8FD-5B68B06263E3}.Debug|Any CPU.ActiveCfg = Debug|Any CPU
		{A9BE52CD-FD7F-4562-A8FD-5B68B06263E3}.Debug|Any CPU.Build.0 = Debug|Any CPU
		{A9BE52CD-FD7F-4562-A8FD-5B68B06263E3}.Release|Any CPU.ActiveCfg = Release|Any CPU
		{A9BE52CD-FD7F-4562-A8FD-5B68B06263E3}.Release|Any CPU.Build.0 = Release|Any CPU
		{128962ED-6180-4411-99B5-D3D85567F3D5}.Debug|Any CPU.ActiveCfg = Debug|Any CPU
		{128962ED-6180-4411-99B5-D3D85567F3D5}.Debug|Any CPU.Build.0 = Debug|Any CPU
		{128962ED-6180-4411-99B5-D3D85567F3D5}.Release|Any CPU.ActiveCfg = Release|Any CPU
		{128962ED-6180-4411-99B5-D3D85567F3D5}.Release|Any CPU.Build.0 = Release|Any CPU
		{EA451CB5-3332-4C9E-980E-93E40F9FF0DD}.Debug|Any CPU.ActiveCfg = Debug|Any CPU
		{EA451CB5-3332-4C9E-980E-93E40F9FF0DD}.Debug|Any CPU.Build.0 = Debug|Any CPU
		{EA451CB5-3332-4C9E-980E-93E40F9FF0DD}.Release|Any CPU.ActiveCfg = Release|Any CPU
		{EA451CB5-3332-4C9E-980E-93E40F9FF0DD}.Release|Any CPU.Build.0 = Release|Any CPU
		{A84154C6-656A-4DBA-98DC-A9ED316FF375}.Debug|Any CPU.ActiveCfg = Debug|Any CPU
		{A84154C6-656A-4DBA-98DC-A9ED316FF375}.Debug|Any CPU.Build.0 = Debug|Any CPU
		{A84154C6-656A-4DBA-98DC-A9ED316FF375}.Release|Any CPU.ActiveCfg = Release|Any CPU
		{A84154C6-656A-4DBA-98DC-A9ED316FF375}.Release|Any CPU.Build.0 = Release|Any CPU
		{0DF51D0D-7985-46D3-9F6A-68D247192E40}.Debug|Any CPU.ActiveCfg = Debug|Any CPU
		{0DF51D0D-7985-46D3-9F6A-68D247192E40}.Debug|Any CPU.Build.0 = Debug|Any CPU
		{0DF51D0D-7985-46D3-9F6A-68D247192E40}.Release|Any CPU.ActiveCfg = Release|Any CPU
		{0DF51D0D-7985-46D3-9F6A-68D247192E40}.Release|Any CPU.Build.0 = Release|Any CPU
		{17D07671-0664-405A-8BCB-EB11FE9E94A6}.Debug|Any CPU.ActiveCfg = Debug|Any CPU
		{17D07671-0664-405A-8BCB-EB11FE9E94A6}.Debug|Any CPU.Build.0 = Debug|Any CPU
		{17D07671-0664-405A-8BCB-EB11FE9E94A6}.Release|Any CPU.ActiveCfg = Release|Any CPU
		{17D07671-0664-405A-8BCB-EB11FE9E94A6}.Release|Any CPU.Build.0 = Release|Any CPU
		{B6800FFB-DC27-4692-9948-23260D95923A}.Debug|Any CPU.ActiveCfg = Debug|Any CPU
		{B6800FFB-DC27-4692-9948-23260D95923A}.Debug|Any CPU.Build.0 = Debug|Any CPU
		{B6800FFB-DC27-4692-9948-23260D95923A}.Release|Any CPU.ActiveCfg = Release|Any CPU
		{B6800FFB-DC27-4692-9948-23260D95923A}.Release|Any CPU.Build.0 = Release|Any CPU
		{40F81415-E176-4B77-95F0-6A0BE2965520}.Debug|Any CPU.ActiveCfg = Debug|Any CPU
		{40F81415-E176-4B77-95F0-6A0BE2965520}.Debug|Any CPU.Build.0 = Debug|Any CPU
		{40F81415-E176-4B77-95F0-6A0BE2965520}.Release|Any CPU.ActiveCfg = Release|Any CPU
		{40F81415-E176-4B77-95F0-6A0BE2965520}.Release|Any CPU.Build.0 = Release|Any CPU
		{A78FC5AB-D816-4145-A243-1756935F98F6}.Debug|Any CPU.ActiveCfg = Debug|Any CPU
		{A78FC5AB-D816-4145-A243-1756935F98F6}.Debug|Any CPU.Build.0 = Debug|Any CPU
		{A78FC5AB-D816-4145-A243-1756935F98F6}.Release|Any CPU.ActiveCfg = Release|Any CPU
		{A78FC5AB-D816-4145-A243-1756935F98F6}.Release|Any CPU.Build.0 = Release|Any CPU
		{E2A98018-68B8-44A2-A3F2-029DE2CCB574}.Debug|Any CPU.ActiveCfg = Debug|Any CPU
		{E2A98018-68B8-44A2-A3F2-029DE2CCB574}.Debug|Any CPU.Build.0 = Debug|Any CPU
		{E2A98018-68B8-44A2-A3F2-029DE2CCB574}.Release|Any CPU.ActiveCfg = Release|Any CPU
		{E2A98018-68B8-44A2-A3F2-029DE2CCB574}.Release|Any CPU.Build.0 = Release|Any CPU
		{63AC362E-BE5E-4335-9563-3CA588CCA64F}.Debug|Any CPU.ActiveCfg = Debug|Any CPU
		{63AC362E-BE5E-4335-9563-3CA588CCA64F}.Debug|Any CPU.Build.0 = Debug|Any CPU
		{63AC362E-BE5E-4335-9563-3CA588CCA64F}.Release|Any CPU.ActiveCfg = Release|Any CPU
		{63AC362E-BE5E-4335-9563-3CA588CCA64F}.Release|Any CPU.Build.0 = Release|Any CPU
		{47679F2A-2ECA-40B5-8586-CFAFF58057D3}.Debug|Any CPU.ActiveCfg = Debug|Any CPU
		{47679F2A-2ECA-40B5-8586-CFAFF58057D3}.Debug|Any CPU.Build.0 = Debug|Any CPU
		{47679F2A-2ECA-40B5-8586-CFAFF58057D3}.Release|Any CPU.ActiveCfg = Release|Any CPU
		{47679F2A-2ECA-40B5-8586-CFAFF58057D3}.Release|Any CPU.Build.0 = Release|Any CPU
		{9B769BB9-0169-442A-B3D5-06B6BF77C262}.Debug|Any CPU.ActiveCfg = Debug|Any CPU
		{9B769BB9-0169-442A-B3D5-06B6BF77C262}.Debug|Any CPU.Build.0 = Debug|Any CPU
		{9B769BB9-0169-442A-B3D5-06B6BF77C262}.Release|Any CPU.ActiveCfg = Release|Any CPU
		{9B769BB9-0169-442A-B3D5-06B6BF77C262}.Release|Any CPU.Build.0 = Release|Any CPU
		{CDA3BB12-84B1-4D51-8725-F2BD79CAEEE4}.Debug|Any CPU.ActiveCfg = Debug|Any CPU
		{CDA3BB12-84B1-4D51-8725-F2BD79CAEEE4}.Debug|Any CPU.Build.0 = Debug|Any CPU
		{CDA3BB12-84B1-4D51-8725-F2BD79CAEEE4}.Release|Any CPU.ActiveCfg = Release|Any CPU
		{CDA3BB12-84B1-4D51-8725-F2BD79CAEEE4}.Release|Any CPU.Build.0 = Release|Any CPU
		{9B0F8100-FE4F-4296-B7D7-5F8C789AB44A}.Debug|Any CPU.ActiveCfg = Debug|Any CPU
		{9B0F8100-FE4F-4296-B7D7-5F8C789AB44A}.Debug|Any CPU.Build.0 = Debug|Any CPU
		{9B0F8100-FE4F-4296-B7D7-5F8C789AB44A}.Release|Any CPU.ActiveCfg = Release|Any CPU
		{9B0F8100-FE4F-4296-B7D7-5F8C789AB44A}.Release|Any CPU.Build.0 = Release|Any CPU
	EndGlobalSection
	GlobalSection(SolutionProperties) = preSolution
		HideSolutionNode = FALSE
	EndGlobalSection
	GlobalSection(NestedProjects) = preSolution
		{9EB08B7D-EF60-461B-A37A-F9A24A356636} = {02EA681E-C7D8-13C7-8484-4AC65E1B71E8}
		{63EEE253-BA61-4731-84A8-AD2FC8C13263} = {02EA681E-C7D8-13C7-8484-4AC65E1B71E8}
		{B4FFEDDC-A137-4FE3-A0F3-85FE854E68FD} = {02EA681E-C7D8-13C7-8484-4AC65E1B71E8}
		{EF158C89-4C40-475B-976E-F5CD442891DE} = {6D8E7A14-922F-41BE-A43B-E8151B8CC3FA}
		{00FAED3C-21F8-4290-8B65-E02699319C11} = {6D8E7A14-922F-41BE-A43B-E8151B8CC3FA}
		{1E0A5B30-9191-45D5-9A12-B34C1C6FBF82} = {6D8E7A14-922F-41BE-A43B-E8151B8CC3FA}
		{6962C64B-5D31-446A-BC49-C76110359035} = {067793A4-311B-4D4C-99A1-3DD5FA739EDD}
		{17062F5A-A64C-4810-97B4-DF1384C7CB9C} = {067793A4-311B-4D4C-99A1-3DD5FA739EDD}
		{EF26637B-976E-47F2-892B-8767F9199789} = {067793A4-311B-4D4C-99A1-3DD5FA739EDD}
		{A9BE52CD-FD7F-4562-A8FD-5B68B06263E3} = {B6BFC7F5-2F3B-4F2B-BB50-CC493A9D66DE}
		{128962ED-6180-4411-99B5-D3D85567F3D5} = {B6BFC7F5-2F3B-4F2B-BB50-CC493A9D66DE}
		{EA451CB5-3332-4C9E-980E-93E40F9FF0DD} = {B6BFC7F5-2F3B-4F2B-BB50-CC493A9D66DE}
		{A84154C6-656A-4DBA-98DC-A9ED316FF375} = {4DDE8F13-C112-4768-8D72-D36273C035D0}
		{0DF51D0D-7985-46D3-9F6A-68D247192E40} = {4DDE8F13-C112-4768-8D72-D36273C035D0}
		{17D07671-0664-405A-8BCB-EB11FE9E94A6} = {4DDE8F13-C112-4768-8D72-D36273C035D0}
		{B6800FFB-DC27-4692-9948-23260D95923A} = {58596F53-937E-4A68-A7D0-3E1A4E23C4B5}
		{40F81415-E176-4B77-95F0-6A0BE2965520} = {58596F53-937E-4A68-A7D0-3E1A4E23C4B5}
		{A78FC5AB-D816-4145-A243-1756935F98F6} = {58596F53-937E-4A68-A7D0-3E1A4E23C4B5}
		{E2A98018-68B8-44A2-A3F2-029DE2CCB574} = {185B0BEB-1272-4DCF-9FCD-EA126538417F}
		{63AC362E-BE5E-4335-9563-3CA588CCA64F} = {185B0BEB-1272-4DCF-9FCD-EA126538417F}
		{47679F2A-2ECA-40B5-8586-CFAFF58057D3} = {185B0BEB-1272-4DCF-9FCD-EA126538417F}
		{9B769BB9-0169-442A-B3D5-06B6BF77C262} = {ECF5AEF0-ABBC-4127-9CBD-686257F31FC3}
		{CDA3BB12-84B1-4D51-8725-F2BD79CAEEE4} = {ECF5AEF0-ABBC-4127-9CBD-686257F31FC3}
		{9B0F8100-FE4F-4296-B7D7-5F8C789AB44A} = {ECF5AEF0-ABBC-4127-9CBD-686257F31FC3}
	EndGlobalSection
	GlobalSection(ExtensibilityGlobals) = postSolution
		SolutionGuid = {5BDB3322-B9E9-4661-9068-316BFD5CB9A4}
	EndGlobalSection
EndGlobal
